// !$*UTF8*$!
{
	archiveVersion = 1;
	classes = {
	};
	objectVersion = 48;
	objects = {

/* Begin PBXBuildFile section */
		8433D6081FD2950800B7B222 /* TransformView.swift in Sources */ = {isa = PBXBuildFile; fileRef = 8433D6071FD2950800B7B222 /* TransformView.swift */; };
		849C2B061FCBE5A0009DF18A /* AppDelegate.swift in Sources */ = {isa = PBXBuildFile; fileRef = 849C2B051FCBE5A0009DF18A /* AppDelegate.swift */; };
		849C2B081FCBE5A0009DF18A /* ViewController.swift in Sources */ = {isa = PBXBuildFile; fileRef = 849C2B071FCBE5A0009DF18A /* ViewController.swift */; };
		849C2B0B1FCBE5A0009DF18A /* Main.storyboard in Resources */ = {isa = PBXBuildFile; fileRef = 849C2B091FCBE5A0009DF18A /* Main.storyboard */; };
		849C2B0D1FCBE5A0009DF18A /* Assets.xcassets in Resources */ = {isa = PBXBuildFile; fileRef = 849C2B0C1FCBE5A0009DF18A /* Assets.xcassets */; };
		849C2B101FCBE5A0009DF18A /* LaunchScreen.storyboard in Resources */ = {isa = PBXBuildFile; fileRef = 849C2B0E1FCBE5A0009DF18A /* LaunchScreen.storyboard */; };
		849C2B1C1FCBE643009DF18A /* MyCustomLayout.swift in Sources */ = {isa = PBXBuildFile; fileRef = 849C2B1B1FCBE643009DF18A /* MyCustomLayout.swift */; };
		849C2B1E1FCBEC2B009DF18A /* MyCustomAttributes.swift in Sources */ = {isa = PBXBuildFile; fileRef = 849C2B1D1FCBEC2B009DF18A /* MyCustomAttributes.swift */; };
		84AB56911FDAD3730049A52B /* TransitedView.xib in Resources */ = {isa = PBXBuildFile; fileRef = 84AB56901FDAD3730049A52B /* TransitedView.xib */; };
		84AB56931FDAE9370049A52B /* TransitingView.xib in Resources */ = {isa = PBXBuildFile; fileRef = 84AB56921FDAE9370049A52B /* TransitingView.xib */; };
		84AB56951FDAEBB40049A52B /* TransitionViewController.swift in Sources */ = {isa = PBXBuildFile; fileRef = 84AB56941FDAEBB40049A52B /* TransitionViewController.swift */; };
/* End PBXBuildFile section */

/* Begin PBXFileReference section */
		8433D6071FD2950800B7B222 /* TransformView.swift */ = {isa = PBXFileReference; lastKnownFileType = sourcecode.swift; path = TransformView.swift; sourceTree = "<group>"; };
		849C2B021FCBE5A0009DF18A /* CustomLayout.app */ = {isa = PBXFileReference; explicitFileType = wrapper.application; includeInIndex = 0; path = CustomLayout.app; sourceTree = BUILT_PRODUCTS_DIR; };
		849C2B051FCBE5A0009DF18A /* AppDelegate.swift */ = {isa = PBXFileReference; lastKnownFileType = sourcecode.swift; path = AppDelegate.swift; sourceTree = "<group>"; };
		849C2B071FCBE5A0009DF18A /* ViewController.swift */ = {isa = PBXFileReference; lastKnownFileType = sourcecode.swift; path = ViewController.swift; sourceTree = "<group>"; };
		849C2B0A1FCBE5A0009DF18A /* Base */ = {isa = PBXFileReference; lastKnownFileType = file.storyboard; name = Base; path = Base.lproj/Main.storyboard; sourceTree = "<group>"; };
		849C2B0C1FCBE5A0009DF18A /* Assets.xcassets */ = {isa = PBXFileReference; lastKnownFileType = folder.assetcatalog; path = Assets.xcassets; sourceTree = "<group>"; };
		849C2B0F1FCBE5A0009DF18A /* Base */ = {isa = PBXFileReference; lastKnownFileType = file.storyboard; name = Base; path = Base.lproj/LaunchScreen.storyboard; sourceTree = "<group>"; };
		849C2B111FCBE5A0009DF18A /* Info.plist */ = {isa = PBXFileReference; lastKnownFileType = text.plist.xml; path = Info.plist; sourceTree = "<group>"; };
		849C2B1B1FCBE643009DF18A /* MyCustomLayout.swift */ = {isa = PBXFileReference; lastKnownFileType = sourcecode.swift; path = MyCustomLayout.swift; sourceTree = "<group>"; };
		849C2B1D1FCBEC2B009DF18A /* MyCustomAttributes.swift */ = {isa = PBXFileReference; lastKnownFileType = sourcecode.swift; path = MyCustomAttributes.swift; sourceTree = "<group>"; };
		84AB56901FDAD3730049A52B /* TransitedView.xib */ = {isa = PBXFileReference; lastKnownFileType = file.xib; path = TransitedView.xib; sourceTree = "<group>"; };
		84AB56921FDAE9370049A52B /* TransitingView.xib */ = {isa = PBXFileReference; lastKnownFileType = file.xib; path = TransitingView.xib; sourceTree = "<group>"; };
		84AB56941FDAEBB40049A52B /* TransitionViewController.swift */ = {isa = PBXFileReference; lastKnownFileType = sourcecode.swift; path = TransitionViewController.swift; sourceTree = "<group>"; };
/* End PBXFileReference section */

/* Begin PBXFrameworksBuildPhase section */
		849C2AFF1FCBE5A0009DF18A /* Frameworks */ = {
			isa = PBXFrameworksBuildPhase;
			buildActionMask = 2147483647;
			files = (
			);
			runOnlyForDeploymentPostprocessing = 0;
		};
/* End PBXFrameworksBuildPhase section */

/* Begin PBXGroup section */
		849C2AF91FCBE5A0009DF18A = {
			isa = PBXGroup;
			children = (
				849C2B041FCBE5A0009DF18A /* CustomLayout */,
				849C2B031FCBE5A0009DF18A /* Products */,
			);
			sourceTree = "<group>";
		};
		849C2B031FCBE5A0009DF18A /* Products */ = {
			isa = PBXGroup;
			children = (
				849C2B021FCBE5A0009DF18A /* CustomLayout.app */,
			);
			name = Products;
			sourceTree = "<group>";
		};
		849C2B041FCBE5A0009DF18A /* CustomLayout */ = {
			isa = PBXGroup;
			children = (
				849C2B1A1FCBE5E9009DF18A /* Support files */,
				849C2B1B1FCBE643009DF18A /* MyCustomLayout.swift */,
				849C2B1D1FCBEC2B009DF18A /* MyCustomAttributes.swift */,
				849C2B071FCBE5A0009DF18A /* ViewController.swift */,
				84AB56941FDAEBB40049A52B /* TransitionViewController.swift */,
				849C2B091FCBE5A0009DF18A /* Main.storyboard */,
				8433D6071FD2950800B7B222 /* TransformView.swift */,
				84AB56901FDAD3730049A52B /* TransitedView.xib */,
				84AB56921FDAE9370049A52B /* TransitingView.xib */,
			);
			path = CustomLayout;
			sourceTree = "<group>";
		};
		849C2B1A1FCBE5E9009DF18A /* Support files */ = {
			isa = PBXGroup;
			children = (
				849C2B051FCBE5A0009DF18A /* AppDelegate.swift */,
				849C2B0C1FCBE5A0009DF18A /* Assets.xcassets */,
				849C2B0E1FCBE5A0009DF18A /* LaunchScreen.storyboard */,
				849C2B111FCBE5A0009DF18A /* Info.plist */,
			);
			name = "Support files";
			sourceTree = "<group>";
		};
/* End PBXGroup section */

/* Begin PBXNativeTarget section */
		849C2B011FCBE5A0009DF18A /* CustomLayout */ = {
			isa = PBXNativeTarget;
			buildConfigurationList = 849C2B141FCBE5A0009DF18A /* Build configuration list for PBXNativeTarget "CustomLayout" */;
			buildPhases = (
				849C2AFE1FCBE5A0009DF18A /* Sources */,
				849C2AFF1FCBE5A0009DF18A /* Frameworks */,
				849C2B001FCBE5A0009DF18A /* Resources */,
			);
			buildRules = (
			);
			dependencies = (
			);
			name = CustomLayout;
			productName = CustomLayout;
			productReference = 849C2B021FCBE5A0009DF18A /* CustomLayout.app */;
			productType = "com.apple.product-type.application";
		};
/* End PBXNativeTarget section */

/* Begin PBXProject section */
		849C2AFA1FCBE5A0009DF18A /* Project object */ = {
			isa = PBXProject;
			attributes = {
				LastSwiftUpdateCheck = 0910;
				LastUpgradeCheck = 0910;
				ORGANIZATIONNAME = "The Big Nerd";
				TargetAttributes = {
					849C2B011FCBE5A0009DF18A = {
						CreatedOnToolsVersion = 9.1;
						ProvisioningStyle = Automatic;
					};
				};
			};
			buildConfigurationList = 849C2AFD1FCBE5A0009DF18A /* Build configuration list for PBXProject "CustomLayout" */;
			compatibilityVersion = "Xcode 8.0";
			developmentRegion = en;
			hasScannedForEncodings = 0;
			knownRegions = (
				en,
				Base,
			);
			mainGroup = 849C2AF91FCBE5A0009DF18A;
			productRefGroup = 849C2B031FCBE5A0009DF18A /* Products */;
			projectDirPath = "";
			projectRoot = "";
			targets = (
				849C2B011FCBE5A0009DF18A /* CustomLayout */,
			);
		};
/* End PBXProject section */

/* Begin PBXResourcesBuildPhase section */
		849C2B001FCBE5A0009DF18A /* Resources */ = {
			isa = PBXResourcesBuildPhase;
			buildActionMask = 2147483647;
			files = (
				84AB56911FDAD3730049A52B /* TransitedView.xib in Resources */,
				849C2B101FCBE5A0009DF18A /* LaunchScreen.storyboard in Resources */,
				849C2B0D1FCBE5A0009DF18A /* Assets.xcassets in Resources */,
				84AB56931FDAE9370049A52B /* TransitingView.xib in Resources */,
				849C2B0B1FCBE5A0009DF18A /* Main.storyboard in Resources */,
			);
			runOnlyForDeploymentPostprocessing = 0;
		};
/* End PBXResourcesBuildPhase section */

/* Begin PBXSourcesBuildPhase section */
		849C2AFE1FCBE5A0009DF18A /* Sources */ = {
			isa = PBXSourcesBuildPhase;
			buildActionMask = 2147483647;
			files = (
				849C2B081FCBE5A0009DF18A /* ViewController.swift in Sources */,
				84AB56951FDAEBB40049A52B /* TransitionViewController.swift in Sources */,
				849C2B1C1FCBE643009DF18A /* MyCustomLayout.swift in Sources */,
				849C2B061FCBE5A0009DF18A /* AppDelegate.swift in Sources */,
				8433D6081FD2950800B7B222 /* TransformView.swift in Sources */,
				849C2B1E1FCBEC2B009DF18A /* MyCustomAttributes.swift in Sources */,
			);
			runOnlyForDeploymentPostprocessing = 0;
		};
/* End PBXSourcesBuildPhase section */

/* Begin PBXVariantGroup section */
		849C2B091FCBE5A0009DF18A /* Main.storyboard */ = {
			isa = PBXVariantGroup;
			children = (
				849C2B0A1FCBE5A0009DF18A /* Base */,
			);
			name = Main.storyboard;
			sourceTree = "<group>";
		};
		849C2B0E1FCBE5A0009DF18A /* LaunchScreen.storyboard */ = {
			isa = PBXVariantGroup;
			children = (
				849C2B0F1FCBE5A0009DF18A /* Base */,
			);
			name = LaunchScreen.storyboard;
			sourceTree = "<group>";
		};
/* End PBXVariantGroup section */

/* Begin XCBuildConfiguration section */
		849C2B121FCBE5A0009DF18A /* Debug */ = {
			isa = XCBuildConfiguration;
			buildSettings = {
				ALWAYS_SEARCH_USER_PATHS = NO;
				CLANG_ANALYZER_NONNULL = YES;
				CLANG_ANALYZER_NUMBER_OBJECT_CONVERSION = YES_AGGRESSIVE;
				CLANG_CXX_LANGUAGE_STANDARD = "gnu++14";
				CLANG_CXX_LIBRARY = "libc++";
				CLANG_ENABLE_MODULES = YES;
				CLANG_ENABLE_OBJC_ARC = YES;
				CLANG_WARN_BLOCK_CAPTURE_AUTORELEASING = YES;
				CLANG_WARN_BOOL_CONVERSION = YES;
				CLANG_WARN_COMMA = YES;
				CLANG_WARN_CONSTANT_CONVERSION = YES;
				CLANG_WARN_DIRECT_OBJC_ISA_USAGE = YES_ERROR;
				CLANG_WARN_DOCUMENTATION_COMMENTS = YES;
				CLANG_WARN_EMPTY_BODY = YES;
				CLANG_WARN_ENUM_CONVERSION = YES;
				CLANG_WARN_INFINITE_RECURSION = YES;
				CLANG_WARN_INT_CONVERSION = YES;
				CLANG_WARN_NON_LITERAL_NULL_CONVERSION = YES;
				CLANG_WARN_OBJC_LITERAL_CONVERSION = YES;
				CLANG_WARN_OBJC_ROOT_CLASS = YES_ERROR;
				CLANG_WARN_RANGE_LOOP_ANALYSIS = YES;
				CLANG_WARN_STRICT_PROTOTYPES = YES;
				CLANG_WARN_SUSPICIOUS_MOVE = YES;
				CLANG_WARN_UNGUARDED_AVAILABILITY = YES_AGGRESSIVE;
				CLANG_WARN_UNREACHABLE_CODE = YES;
				CLANG_WARN__DUPLICATE_METHOD_MATCH = YES;
				CODE_SIGN_IDENTITY = "iPhone Developer";
				COPY_PHASE_STRIP = NO;
				DEBUG_INFORMATION_FORMAT = dwarf;
				ENABLE_STRICT_OBJC_MSGSEND = YES;
				ENABLE_TESTABILITY = YES;
				GCC_C_LANGUAGE_STANDARD = gnu11;
				GCC_DYNAMIC_NO_PIC = NO;
				GCC_NO_COMMON_BLOCKS = YES;
				GCC_OPTIMIZATION_LEVEL = 0;
				GCC_PREPROCESSOR_DEFINITIONS = (
					"DEBUG=1",
					"$(inherited)",
				);
				GCC_WARN_64_TO_32_BIT_CONVERSION = YES;
				GCC_WARN_ABOUT_RETURN_TYPE = YES_ERROR;
				GCC_WARN_UNDECLARED_SELECTOR = YES;
				GCC_WARN_UNINITIALIZED_AUTOS = YES_AGGRESSIVE;
				GCC_WARN_UNUSED_FUNCTION = YES;
				GCC_WARN_UNUSED_VARIABLE = YES;
				IPHONEOS_DEPLOYMENT_TARGET = 11.1;
				MTL_ENABLE_DEBUG_INFO = YES;
				ONLY_ACTIVE_ARCH = YES;
				SDKROOT = iphoneos;
				SWIFT_ACTIVE_COMPILATION_CONDITIONS = DEBUG;
				SWIFT_OPTIMIZATION_LEVEL = "-Onone";
			};
			name = Debug;
		};
		849C2B131FCBE5A0009DF18A /* Release */ = {
			isa = XCBuildConfiguration;
			buildSettings = {
				ALWAYS_SEARCH_USER_PATHS = NO;
				CLANG_ANALYZER_NONNULL = YES;
				CLANG_ANALYZER_NUMBER_OBJECT_CONVERSION = YES_AGGRESSIVE;
				CLANG_CXX_LANGUAGE_STANDARD = "gnu++14";
				CLANG_CXX_LIBRARY = "libc++";
				CLANG_ENABLE_MODULES = YES;
				CLANG_ENABLE_OBJC_ARC = YES;
				CLANG_WARN_BLOCK_CAPTURE_AUTORELEASING = YES;
				CLANG_WARN_BOOL_CONVERSION = YES;
				CLANG_WARN_COMMA = YES;
				CLANG_WARN_CONSTANT_CONVERSION = YES;
				CLANG_WARN_DIRECT_OBJC_ISA_USAGE = YES_ERROR;
				CLANG_WARN_DOCUMENTATION_COMMENTS = YES;
				CLANG_WARN_EMPTY_BODY = YES;
				CLANG_WARN_ENUM_CONVERSION = YES;
				CLANG_WARN_INFINITE_RECURSION = YES;
				CLANG_WARN_INT_CONVERSION = YES;
				CLANG_WARN_NON_LITERAL_NULL_CONVERSION = YES;
				CLANG_WARN_OBJC_LITERAL_CONVERSION = YES;
				CLANG_WARN_OBJC_ROOT_CLASS = YES_ERROR;
				CLANG_WARN_RANGE_LOOP_ANALYSIS = YES;
				CLANG_WARN_STRICT_PROTOTYPES = YES;
				CLANG_WARN_SUSPICIOUS_MOVE = YES;
				CLANG_WARN_UNGUARDED_AVAILABILITY = YES_AGGRESSIVE;
				CLANG_WARN_UNREACHABLE_CODE = YES;
				CLANG_WARN__DUPLICATE_METHOD_MATCH = YES;
				CODE_SIGN_IDENTITY = "iPhone Developer";
				COPY_PHASE_STRIP = NO;
				DEBUG_INFORMATION_FORMAT = "dwarf-with-dsym";
				ENABLE_NS_ASSERTIONS = NO;
				ENABLE_STRICT_OBJC_MSGSEND = YES;
				GCC_C_LANGUAGE_STANDARD = gnu11;
				GCC_NO_COMMON_BLOCKS = YES;
				GCC_WARN_64_TO_32_BIT_CONVERSION = YES;
				GCC_WARN_ABOUT_RETURN_TYPE = YES_ERROR;
				GCC_WARN_UNDECLARED_SELECTOR = YES;
				GCC_WARN_UNINITIALIZED_AUTOS = YES_AGGRESSIVE;
				GCC_WARN_UNUSED_FUNCTION = YES;
				GCC_WARN_UNUSED_VARIABLE = YES;
				IPHONEOS_DEPLOYMENT_TARGET = 11.1;
				MTL_ENABLE_DEBUG_INFO = NO;
				SDKROOT = iphoneos;
				SWIFT_OPTIMIZATION_LEVEL = "-Owholemodule";
				VALIDATE_PRODUCT = YES;
			};
			name = Release;
		};
		849C2B151FCBE5A0009DF18A /* Debug */ = {
			isa = XCBuildConfiguration;
			buildSettings = {
				ASSETCATALOG_COMPILER_APPICON_NAME = AppIcon;
				CODE_SIGN_STYLE = Automatic;
				DEVELOPMENT_TEAM = B83DV4T4W4;
				INFOPLIST_FILE = CustomLayout/Info.plist;
				LD_RUNPATH_SEARCH_PATHS = "$(inherited) @executable_path/Frameworks";
				PRODUCT_BUNDLE_IDENTIFIER = com.chen.CustomLayout;
				PRODUCT_NAME = "$(TARGET_NAME)";
				SWIFT_VERSION = 4.0;
				TARGETED_DEVICE_FAMILY = "1,2";
			};
			name = Debug;
		};
		849C2B161FCBE5A0009DF18A /* Release */ = {
			isa = XCBuildConfiguration;
			buildSettings = {
				ASSETCATALOG_COMPILER_APPICON_NAME = AppIcon;
				CODE_SIGN_STYLE = Automatic;
				DEVELOPMENT_TEAM = B83DV4T4W4;
				INFOPLIST_FILE = CustomLayout/Info.plist;
				LD_RUNPATH_SEARCH_PATHS = "$(inherited) @executable_path/Frameworks";
				PRODUCT_BUNDLE_IDENTIFIER = com.chen.CustomLayout;
				PRODUCT_NAME = "$(TARGET_NAME)";
				SWIFT_VERSION = 4.0;
				TARGETED_DEVICE_FAMILY = "1,2";
			};
			name = Release;
		};
/* End XCBuildConfiguration section */

/* Begin XCConfigurationList section */
		849C2AFD1FCBE5A0009DF18A /* Build configuration list for PBXProject "CustomLayout" */ = {
			isa = XCConfigurationList;
			buildConfigurations = (
				849C2B121FCBE5A0009DF18A /* Debug */,
				849C2B131FCBE5A0009DF18A /* Release */,
			);
			defaultConfigurationIsVisible = 0;
			defaultConfigurationName = Release;
		};
		849C2B141FCBE5A0009DF18A /* Build configuration list for PBXNativeTarget "CustomLayout" */ = {
			isa = XCConfigurationList;
			buildConfigurations = (
				849C2B151FCBE5A0009DF18A /* Debug */,
				849C2B161FCBE5A0009DF18A /* Release */,
			);
			defaultConfigurationIsVisible = 0;
			defaultConfigurationName = Release;
		};
/* End XCConfigurationList section */
	};
	rootObject = 849C2AFA1FCBE5A0009DF18A /* Project object */;
}
